# This file is automatically @generated by Cargo.
# It is not intended for manual editing.
version = 3

[[package]]
name = "wildland-catlib"
version = "0.1.0"
source = "registry+https://crates.wildland.dev/git/index"
checksum = "a02799b807312eb665a3dbcf8f9a02bbbed3cdff697142f86c365058d6df5654"

[[package]]
name = "wildland-corex"
version = "0.1.0"
dependencies = [
 "wildland-catlib",
 "wildland-dfs",
 "wildland-wallet",
]

[[package]]
name = "wildland-dfs"
version = "0.1.0"
source = "registry+https://crates.wildland.dev/git/index"
checksum = "f5f6a22515aece0aa9845dbf94cc2c4d4367f2f3811082c4acaae0dba53178d1"

[[package]]
name = "wildland-wallet"
version = "0.1.0"
source = "registry+https://crates.wildland.dev/git/index"
checksum = "677bc6af880c59f6c569487bb86f5a495fa2b1b528cf0b618ece9ec66abd31c8"
