# This file is automatically @generated by Cargo.
# It is not intended for manual editing.
version = 3

[[package]]
name = "bip39"
version = "1.0.1"
source = "registry+https://github.com/rust-lang/crates.io-index"
checksum = "b9e89470017230c38e52b82b3ee3f530db1856ba1d434e3a67a3456a8a8dec5f"
dependencies = [
 "bitcoin_hashes",
 "rand_core 0.4.2",
 "serde",
 "unicode-normalization",
]

[[package]]
name = "bitcoin_hashes"
version = "0.9.7"
source = "registry+https://github.com/rust-lang/crates.io-index"
checksum = "7ce18265ec2324ad075345d5814fbeed4f41f0a660055dc78840b74d19b874b1"

[[package]]
name = "cargo_common"
version = "0.1.0"
dependencies = [
 "bip39",
 "cxx",
 "cxx-build",
 "ed25519-bip32",
 "rand_core 0.6.3",
 "serde",
 "serde_json",
 "serde_repr",
]

[[package]]
name = "cc"
version = "1.0.72"
source = "registry+https://github.com/rust-lang/crates.io-index"
checksum = "22a9137b95ea06864e018375b72adfb7db6e6f68cfc8df5a04d00288050485ee"

[[package]]
name = "cfg-if"
version = "1.0.0"
source = "registry+https://github.com/rust-lang/crates.io-index"
checksum = "baf1de4339761588bc0619e3cbc0120ee582ebb74b53b4efbf79117bd2da40fd"

[[package]]
name = "codespan-reporting"
version = "0.11.1"
source = "registry+https://github.com/rust-lang/crates.io-index"
checksum = "3538270d33cc669650c4b093848450d380def10c331d38c768e34cac80576e6e"
dependencies = [
 "termcolor",
 "unicode-width",
]

[[package]]
name = "cryptoxide"
version = "0.3.6"
source = "registry+https://github.com/rust-lang/crates.io-index"
checksum = "42014d4c82e74bc17aaccc4bd75d3615d2b8236198de81c51bed5ddefaae6435"

[[package]]
name = "cxx"
version = "1.0.56"
source = "registry+https://github.com/rust-lang/crates.io-index"
checksum = "8497fb19bda9be0d113b940f88acd2e9faab278a5397861f6c7e31583289f29d"
dependencies = [
 "cc",
 "cxxbridge-flags",
 "cxxbridge-macro",
 "link-cplusplus",
]

[[package]]
name = "cxx-build"
version = "1.0.56"
source = "registry+https://github.com/rust-lang/crates.io-index"
checksum = "a561716d81b24f50b705dce50c3f79d9294fb54d06017a56f840a00f72a9b98d"
dependencies = [
 "cc",
 "codespan-reporting",
 "lazy_static",
 "proc-macro2",
 "quote",
 "scratch",
 "syn",
]

[[package]]
name = "cxxbridge-flags"
version = "1.0.56"
source = "registry+https://github.com/rust-lang/crates.io-index"
checksum = "592c3f94d14bb92cc8867159c5a072ae61ac288ff1f08051c4b26ec664a233e3"

[[package]]
name = "cxxbridge-macro"
version = "1.0.56"
source = "registry+https://github.com/rust-lang/crates.io-index"
checksum = "04f5cb3b337856fe25282ca3c8ae58ae688adb956ab96c39af159b04b190ea52"
dependencies = [
 "proc-macro2",
 "quote",
 "syn",
]

[[package]]
name = "ed25519-bip32"
version = "0.4.0"
source = "registry+https://github.com/rust-lang/crates.io-index"
checksum = "6c091ed784fcf257830c75851d6c88fd5991f98d2f3fa9ed23c3f6bac4eec3cc"
dependencies = [
 "cryptoxide",
]

[[package]]
name = "getrandom"
version = "0.2.3"
source = "registry+https://github.com/rust-lang/crates.io-index"
checksum = "7fcd999463524c52659517fe2cea98493cfe485d10565e7b0fb07dbba7ad2753"
dependencies = [
 "cfg-if",
 "libc",
 "wasi",
]

[[package]]
name = "itoa"
version = "0.4.8"
source = "registry+https://github.com/rust-lang/crates.io-index"
checksum = "b71991ff56294aa922b450139ee08b3bfc70982c6b2c7562771375cf73542dd4"

[[package]]
name = "lazy_static"
version = "1.4.0"
source = "registry+https://github.com/rust-lang/crates.io-index"
checksum = "e2abad23fbc42b3700f2f279844dc832adb2b2eb069b2df918f455c4e18cc646"

[[package]]
name = "libc"
version = "0.2.112"
source = "registry+https://github.com/rust-lang/crates.io-index"
checksum = "1b03d17f364a3a042d5e5d46b053bbbf82c92c9430c592dd4c064dc6ee997125"

[[package]]
name = "link-cplusplus"
version = "1.0.6"
source = "registry+https://github.com/rust-lang/crates.io-index"
checksum = "f8cae2cd7ba2f3f63938b9c724475dfb7b9861b545a90324476324ed21dbc8c8"
dependencies = [
 "cc",
]

[[package]]
name = "maybe-uninit"
version = "2.0.0"
source = "registry+https://github.com/rust-lang/crates.io-index"
checksum = "60302e4db3a61da70c0cb7991976248362f30319e88850c487b9b95bbf059e00"

[[package]]
name = "proc-macro2"
version = "1.0.32"
source = "registry+https://github.com/rust-lang/crates.io-index"
checksum = "ba508cc11742c0dc5c1659771673afbab7a0efab23aa17e854cbab0837ed0b43"
dependencies = [
 "unicode-xid",
]

[[package]]
name = "quote"
version = "1.0.10"
source = "registry+https://github.com/rust-lang/crates.io-index"
checksum = "38bc8cc6a5f2e3655e0899c1b848643b2562f853f114bfec7be120678e3ace05"
dependencies = [
 "proc-macro2",
]

[[package]]
name = "rand_core"
version = "0.4.2"
source = "registry+https://github.com/rust-lang/crates.io-index"
checksum = "9c33a3c44ca05fa6f1807d8e6743f3824e8509beca625669633be0acbdf509dc"

[[package]]
name = "rand_core"
version = "0.6.3"
source = "registry+https://github.com/rust-lang/crates.io-index"
checksum = "d34f1408f55294453790c48b2f1ebbb1c5b4b7563eb1f418bcfcfdbb06ebb4e7"
dependencies = [
 "getrandom",
]

[[package]]
name = "ryu"
version = "1.0.6"
source = "registry+https://github.com/rust-lang/crates.io-index"
checksum = "3c9613b5a66ab9ba26415184cfc41156594925a9cf3a2057e57f31ff145f6568"

[[package]]
name = "scratch"
version = "1.0.0"
source = "registry+https://github.com/rust-lang/crates.io-index"
checksum = "7e114536316b51a5aa7a0e59fc49661fd263c5507dd08bd28de052e57626ce69"

[[package]]
name = "serde"
version = "1.0.130"
source = "registry+https://github.com/rust-lang/crates.io-index"
checksum = "f12d06de37cf59146fbdecab66aa99f9fe4f78722e3607577a5375d66bd0c913"

[[package]]
name = "serde_json"
version = "1.0.72"
source = "registry+https://github.com/rust-lang/crates.io-index"
checksum = "d0ffa0837f2dfa6fb90868c2b5468cad482e175f7dad97e7421951e663f2b527"
dependencies = [
 "itoa",
 "ryu",
 "serde",
]

[[package]]
name = "serde_repr"
version = "0.1.7"
source = "registry+https://github.com/rust-lang/crates.io-index"
checksum = "98d0516900518c29efa217c298fa1f4e6c6ffc85ae29fd7f4ee48f176e1a9ed5"
dependencies = [
 "proc-macro2",
 "quote",
 "syn",
]

[[package]]
name = "smallvec"
version = "0.6.14"
source = "registry+https://github.com/rust-lang/crates.io-index"
checksum = "b97fcaeba89edba30f044a10c6a3cc39df9c3f17d7cd829dd1446cab35f890e0"
dependencies = [
 "maybe-uninit",
]

[[package]]
name = "syn"
version = "1.0.82"
source = "registry+https://github.com/rust-lang/crates.io-index"
checksum = "8daf5dd0bb60cbd4137b1b587d2fc0ae729bc07cf01cd70b36a1ed5ade3b9d59"
dependencies = [
 "proc-macro2",
 "quote",
 "unicode-xid",
]

[[package]]
name = "termcolor"
version = "1.1.2"
source = "registry+https://github.com/rust-lang/crates.io-index"
checksum = "2dfed899f0eb03f32ee8c6a0aabdb8a7949659e3466561fc0adf54e26d88c5f4"
dependencies = [
 "winapi-util",
]

[[package]]
name = "unicode-normalization"
version = "0.1.9"
source = "registry+https://github.com/rust-lang/crates.io-index"
checksum = "09c8070a9942f5e7cfccd93f490fdebd230ee3c3c9f107cb25bad5351ef671cf"
dependencies = [
 "smallvec",
]

[[package]]
name = "unicode-width"
version = "0.1.9"
source = "registry+https://github.com/rust-lang/crates.io-index"
checksum = "3ed742d4ea2bd1176e236172c8429aaf54486e7ac098db29ffe6529e0ce50973"

[[package]]
name = "unicode-xid"
version = "0.2.2"
source = "registry+https://github.com/rust-lang/crates.io-index"
checksum = "8ccb82d61f80a663efe1f787a51b16b5a51e3314d6ac365b08639f52387b33f3"

[[package]]
name = "wasi"
version = "0.10.2+wasi-snapshot-preview1"
source = "registry+https://github.com/rust-lang/crates.io-index"
checksum = "fd6fbd9a79829dd1ad0cc20627bf1ed606756a7f77edff7b66b7064f9cb327c6"

[[package]]
name = "winapi"
version = "0.3.9"
source = "registry+https://github.com/rust-lang/crates.io-index"
checksum = "5c839a674fcd7a98952e593242ea400abe93992746761e38641405d28b00f419"
dependencies = [
 "winapi-i686-pc-windows-gnu",
 "winapi-x86_64-pc-windows-gnu",
]

[[package]]
name = "winapi-i686-pc-windows-gnu"
version = "0.4.0"
source = "registry+https://github.com/rust-lang/crates.io-index"
checksum = "ac3b87c63620426dd9b991e5ce0329eff545bccbbb34f3be09ff6fb6ab51b7b6"

[[package]]
name = "winapi-util"
version = "0.1.5"
source = "registry+https://github.com/rust-lang/crates.io-index"
checksum = "70ec6ce85bb158151cae5e5c87f95a8e97d2c0c4b001223f33a334e3ce5de178"
dependencies = [
 "winapi",
]

[[package]]
name = "winapi-x86_64-pc-windows-gnu"
version = "0.4.0"
source = "registry+https://github.com/rust-lang/crates.io-index"
checksum = "712e227841d057c1ee1cd2fb22fa7e5a5461ae8e48fa2ca79ec42cfc1931183f"
